
Microsoft Visual Studio Solution File, Format Version 12.00
# Visual Studio Version 16
VisualStudioVersion = 16.0.32901.82
MinimumVisualStudioVersion = 10.0.40219.1
Project("{FAE04EC0-301F-11D3-BF4B-00C04F79EFBC}") = "CSharp Simple GUI", "CSharp Simple GUI\CSharp Simple GUI.csproj", "{38222C26-F4FD-448E-86F7-8C07EF257A41}"
EndProject
Global
	GlobalSection(SolutionConfigurationPlatforms) = preSolution
		Debug|Any CPU = Debug|Any CPU
		Release|Any CPU = Release|Any CPU
	EndGlobalSection
	GlobalSection(ProjectConfigurationPlatforms) = postSolution
		{38222C26-F4FD-448E-86F7-8C07EF257A41}.Debug|Any CPU.ActiveCfg = Debug|Any CPU
		{38222C26-F4FD-448E-86F7-8C07EF257A41}.Debug|Any CPU.Build.0 = Debug|Any CPU
		{38222C26-F4FD-448E-86F7-8C07EF257A41}.Release|Any CPU.ActiveCfg = Release|Any CPU
		{38222C26-F4FD-448E-86F7-8C07EF257A41}.Release|Any CPU.Build.0 = Release|Any CPU
	EndGlobalSection
	GlobalSection(SolutionProperties) = preSolution
		HideSolutionNode = FALSE
	EndGlobalSection
	GlobalSection(ExtensibilityGlobals) = postSolution
		SolutionGuid = {1B5814E2-CAE4-48D8-A9ED-5BB3C9279842}
	EndGlobalSection
EndGlobal
